
Microsoft Visual Studio Solution File, Format Version 12.00
# Visual Studio Version 17
VisualStudioVersion = 17.11.35312.102
MinimumVisualStudioVersion = 10.0.40219.1
Project("{FAE04EC0-301F-11D3-BF4B-00C04F79EFBC}") = "Spamovani", "Spamovani\Spamovani.csproj", "{ADE47D4A-60AD-4ACA-8F84-C2EFB8A9B700}"
EndProject
Global
	GlobalSection(SolutionConfigurationPlatforms) = preSolution
		Debug|Any CPU = Debug|Any CPU
		Release|Any CPU = Release|Any CPU
	EndGlobalSection
	GlobalSection(ProjectConfigurationPlatforms) = postSolution
		{ADE47D4A-60AD-4ACA-8F84-C2EFB8A9B700}.Debug|Any CPU.ActiveCfg = Debug|Any CPU
		{ADE47D4A-60AD-4ACA-8F84-C2EFB8A9B700}.Debug|Any CPU.Build.0 = Debug|Any CPU
		{ADE47D4A-60AD-4ACA-8F84-C2EFB8A9B700}.Release|Any CPU.ActiveCfg = Release|Any CPU
		{ADE47D4A-60AD-4ACA-8F84-C2EFB8A9B700}.Release|Any CPU.Build.0 = Release|Any CPU
	EndGlobalSection
	GlobalSection(SolutionProperties) = preSolution
		HideSolutionNode = FALSE
	EndGlobalSection
	GlobalSection(ExtensibilityGlobals) = postSolution
		SolutionGuid = {ABFC5C2E-AA0F-4632-A22D-BB46D39D3AF1}
	EndGlobalSection
EndGlobal
