
Microsoft Visual Studio Solution File, Format Version 12.00
# Visual Studio Version 17
VisualStudioVersion = 17.11.35312.102
MinimumVisualStudioVersion = 10.0.40219.1
Project("{FAE04EC0-301F-11D3-BF4B-00C04F79EFBC}") = "Lexikon", "Lexikon\Lexikon.csproj", "{92E08110-9045-4303-8E80-FDC53925C340}"
EndProject
Global
	GlobalSection(SolutionConfigurationPlatforms) = preSolution
		Debug|Any CPU = Debug|Any CPU
		Release|Any CPU = Release|Any CPU
	EndGlobalSection
	GlobalSection(ProjectConfigurationPlatforms) = postSolution
		{92E08110-9045-4303-8E80-FDC53925C340}.Debug|Any CPU.ActiveCfg = Debug|Any CPU
		{92E08110-9045-4303-8E80-FDC53925C340}.Debug|Any CPU.Build.0 = Debug|Any CPU
		{92E08110-9045-4303-8E80-FDC53925C340}.Release|Any CPU.ActiveCfg = Release|Any CPU
		{92E08110-9045-4303-8E80-FDC53925C340}.Release|Any CPU.Build.0 = Release|Any CPU
	EndGlobalSection
	GlobalSection(SolutionProperties) = preSolution
		HideSolutionNode = FALSE
	EndGlobalSection
	GlobalSection(ExtensibilityGlobals) = postSolution
		SolutionGuid = {5D2E64FF-EFBD-4F97-8B9E-922E46CDCE2F}
	EndGlobalSection
EndGlobal
